
Microsoft Visual Studio Solution File, Format Version 12.00
# Visual Studio Version 17
VisualStudioVersion = 17.4.33403.182
MinimumVisualStudioVersion = 10.0.40219.1
Project("{FAE04EC0-301F-11D3-BF4B-00C04F79EFBC}") = "TicTacToe", "TicTacToe\TicTacToe.csproj", "{E4C33D0B-C168-4B84-8908-29D4BF913BD4}"
EndProject
Global
	GlobalSection(SolutionConfigurationPlatforms) = preSolution
		Debug|Any CPU = Debug|Any CPU
		Release|Any CPU = Release|Any CPU
	EndGlobalSection
	GlobalSection(ProjectConfigurationPlatforms) = postSolution
		{E4C33D0B-C168-4B84-8908-29D4BF913BD4}.Debug|Any CPU.ActiveCfg = Debug|Any CPU
		{E4C33D0B-C168-4B84-8908-29D4BF913BD4}.Debug|Any CPU.Build.0 = Debug|Any CPU
		{E4C33D0B-C168-4B84-8908-29D4BF913BD4}.Release|Any CPU.ActiveCfg = Release|Any CPU
		{E4C33D0B-C168-4B84-8908-29D4BF913BD4}.Release|Any CPU.Build.0 = Release|Any CPU
	EndGlobalSection
	GlobalSection(SolutionProperties) = preSolution
		HideSolutionNode = FALSE
	EndGlobalSection
	GlobalSection(ExtensibilityGlobals) = postSolution
		SolutionGuid = {768DE918-55BE-4955-9478-9804EAED669E}
	EndGlobalSection
EndGlobal
